// !$*UTF8*$!
{
	archiveVersion = 1;
	classes = {
	};
	objectVersion = 56;
	objects = {

/* Begin PBXBuildFile section */
		CE7E7FC6292BAE0E000A944B /* DetailViewController.swift in Sources */ = {isa = PBXBuildFile; fileRef = CE7E7FC5292BAE0E000A944B /* DetailViewController.swift */; };
		CEDF1B7D292A6599002CD3EB /* AppDelegate.swift in Sources */ = {isa = PBXBuildFile; fileRef = CEDF1B7C292A6599002CD3EB /* AppDelegate.swift */; };
		CEDF1B7F292A6599002CD3EB /* SceneDelegate.swift in Sources */ = {isa = PBXBuildFile; fileRef = CEDF1B7E292A6599002CD3EB /* SceneDelegate.swift */; };
		CEDF1B81292A6599002CD3EB /* ViewController.swift in Sources */ = {isa = PBXBuildFile; fileRef = CEDF1B80292A6599002CD3EB /* ViewController.swift */; };
		CEDF1B84292A6599002CD3EB /* Main.storyboard in Resources */ = {isa = PBXBuildFile; fileRef = CEDF1B82292A6599002CD3EB /* Main.storyboard */; };
		CEDF1B86292A6599002CD3EB /* Assets.xcassets in Resources */ = {isa = PBXBuildFile; fileRef = CEDF1B85292A6599002CD3EB /* Assets.xcassets */; };
		CEDF1B89292A6599002CD3EB /* LaunchScreen.storyboard in Resources */ = {isa = PBXBuildFile; fileRef = CEDF1B87292A6599002CD3EB /* LaunchScreen.storyboard */; };
		CEDF1B91292A6E0D002CD3EB /* Petition.swift in Sources */ = {isa = PBXBuildFile; fileRef = CEDF1B90292A6E0D002CD3EB /* Petition.swift */; };
		CEDF1B93292A6F1B002CD3EB /* Petitions.swift in Sources */ = {isa = PBXBuildFile; fileRef = CEDF1B92292A6F1B002CD3EB /* Petitions.swift */; };
/* End PBXBuildFile section */

/* Begin PBXFileReference section */
		CE7E7FC5292BAE0E000A944B /* DetailViewController.swift */ = {isa = PBXFileReference; lastKnownFileType = sourcecode.swift; path = DetailViewController.swift; sourceTree = "<group>"; };
		CEDF1B79292A6599002CD3EB /* WhiteHousePetitions.app */ = {isa = PBXFileReference; explicitFileType = wrapper.application; includeInIndex = 0; path = WhiteHousePetitions.app; sourceTree = BUILT_PRODUCTS_DIR; };
		CEDF1B7C292A6599002CD3EB /* AppDelegate.swift */ = {isa = PBXFileReference; lastKnownFileType = sourcecode.swift; path = AppDelegate.swift; sourceTree = "<group>"; };
		CEDF1B7E292A6599002CD3EB /* SceneDelegate.swift */ = {isa = PBXFileReference; lastKnownFileType = sourcecode.swift; path = SceneDelegate.swift; sourceTree = "<group>"; };
		CEDF1B80292A6599002CD3EB /* ViewController.swift */ = {isa = PBXFileReference; lastKnownFileType = sourcecode.swift; path = ViewController.swift; sourceTree = "<group>"; };
		CEDF1B83292A6599002CD3EB /* Base */ = {isa = PBXFileReference; lastKnownFileType = file.storyboard; name = Base; path = Base.lproj/Main.storyboard; sourceTree = "<group>"; };
		CEDF1B85292A6599002CD3EB /* Assets.xcassets */ = {isa = PBXFileReference; lastKnownFileType = folder.assetcatalog; path = Assets.xcassets; sourceTree = "<group>"; };
		CEDF1B88292A6599002CD3EB /* Base */ = {isa = PBXFileReference; lastKnownFileType = file.storyboard; name = Base; path = Base.lproj/LaunchScreen.storyboard; sourceTree = "<group>"; };
		CEDF1B8A292A6599002CD3EB /* Info.plist */ = {isa = PBXFileReference; lastKnownFileType = text.plist.xml; path = Info.plist; sourceTree = "<group>"; };
		CEDF1B90292A6E0D002CD3EB /* Petition.swift */ = {isa = PBXFileReference; lastKnownFileType = sourcecode.swift; path = Petition.swift; sourceTree = "<group>"; };
		CEDF1B92292A6F1B002CD3EB /* Petitions.swift */ = {isa = PBXFileReference; lastKnownFileType = sourcecode.swift; path = Petitions.swift; sourceTree = "<group>"; };
/* End PBXFileReference section */

/* Begin PBXFrameworksBuildPhase section */
		CEDF1B76292A6598002CD3EB /* Frameworks */ = {
			isa = PBXFrameworksBuildPhase;
			buildActionMask = 2147483647;
			files = (
			);
			runOnlyForDeploymentPostprocessing = 0;
		};
/* End PBXFrameworksBuildPhase section */

/* Begin PBXGroup section */
		CEDF1B70292A6598002CD3EB = {
			isa = PBXGroup;
			children = (
				CEDF1B7B292A6599002CD3EB /* WhiteHousePetitions */,
				CEDF1B7A292A6599002CD3EB /* Products */,
			);
			sourceTree = "<group>";
		};
		CEDF1B7A292A6599002CD3EB /* Products */ = {
			isa = PBXGroup;
			children = (
				CEDF1B79292A6599002CD3EB /* WhiteHousePetitions.app */,
			);
			name = Products;
			sourceTree = "<group>";
		};
		CEDF1B7B292A6599002CD3EB /* WhiteHousePetitions */ = {
			isa = PBXGroup;
			children = (
				CEDF1B7C292A6599002CD3EB /* AppDelegate.swift */,
				CEDF1B7E292A6599002CD3EB /* SceneDelegate.swift */,
				CEDF1B80292A6599002CD3EB /* ViewController.swift */,
				CE7E7FC5292BAE0E000A944B /* DetailViewController.swift */,
				CEDF1B82292A6599002CD3EB /* Main.storyboard */,
				CEDF1B85292A6599002CD3EB /* Assets.xcassets */,
				CEDF1B87292A6599002CD3EB /* LaunchScreen.storyboard */,
				CEDF1B8A292A6599002CD3EB /* Info.plist */,
				CEDF1B90292A6E0D002CD3EB /* Petition.swift */,
				CEDF1B92292A6F1B002CD3EB /* Petitions.swift */,
			);
			path = WhiteHousePetitions;
			sourceTree = "<group>";
		};
/* End PBXGroup section */

/* Begin PBXNativeTarget section */
		CEDF1B78292A6598002CD3EB /* WhiteHousePetitions */ = {
			isa = PBXNativeTarget;
			buildConfigurationList = CEDF1B8D292A6599002CD3EB /* Build configuration list for PBXNativeTarget "WhiteHousePetitions" */;
			buildPhases = (
				CEDF1B75292A6598002CD3EB /* Sources */,
				CEDF1B76292A6598002CD3EB /* Frameworks */,
				CEDF1B77292A6598002CD3EB /* Resources */,
			);
			buildRules = (
			);
			dependencies = (
			);
			name = WhiteHousePetitions;
			productName = WhiteHousePetitions;
			productReference = CEDF1B79292A6599002CD3EB /* WhiteHousePetitions.app */;
			productType = "com.apple.product-type.application";
		};
/* End PBXNativeTarget section */

/* Begin PBXProject section */
		CEDF1B71292A6598002CD3EB /* Project object */ = {
			isa = PBXProject;
			attributes = {
				BuildIndependentTargetsInParallel = 1;
				LastSwiftUpdateCheck = 1410;
				LastUpgradeCheck = 1410;
				TargetAttributes = {
					CEDF1B78292A6598002CD3EB = {
						CreatedOnToolsVersion = 14.1;
					};
				};
			};
			buildConfigurationList = CEDF1B74292A6598002CD3EB /* Build configuration list for PBXProject "WhiteHousePetitions" */;
			compatibilityVersion = "Xcode 14.0";
			developmentRegion = en;
			hasScannedForEncodings = 0;
			knownRegions = (
				en,
				Base,
			);
			mainGroup = CEDF1B70292A6598002CD3EB;
			productRefGroup = CEDF1B7A292A6599002CD3EB /* Products */;
			projectDirPath = "";
			projectRoot = "";
			targets = (
				CEDF1B78292A6598002CD3EB /* WhiteHousePetitions */,
			);
		};
/* End PBXProject section */

/* Begin PBXResourcesBuildPhase section */
		CEDF1B77292A6598002CD3EB /* Resources */ = {
			isa = PBXResourcesBuildPhase;
			buildActionMask = 2147483647;
			files = (
				CEDF1B89292A6599002CD3EB /* LaunchScreen.storyboard in Resources */,
				CEDF1B86292A6599002CD3EB /* Assets.xcassets in Resources */,
				CEDF1B84292A6599002CD3EB /* Main.storyboard in Resources */,
			);
			runOnlyForDeploymentPostprocessing = 0;
		};
/* End PBXResourcesBuildPhase section */

/* Begin PBXSourcesBuildPhase section */
		CEDF1B75292A6598002CD3EB /* Sources */ = {
			isa = PBXSourcesBuildPhase;
			buildActionMask = 2147483647;
			files = (
				CEDF1B81292A6599002CD3EB /* ViewController.swift in Sources */,
				CEDF1B91292A6E0D002CD3EB /* Petition.swift in Sources */,
				CEDF1B7D292A6599002CD3EB /* AppDelegate.swift in Sources */,
				CE7E7FC6292BAE0E000A944B /* DetailViewController.swift in Sources */,
				CEDF1B7F292A6599002CD3EB /* SceneDelegate.swift in Sources */,
				CEDF1B93292A6F1B002CD3EB /* Petitions.swift in Sources */,
			);
			runOnlyForDeploymentPostprocessing = 0;
		};
/* End PBXSourcesBuildPhase section */

/* Begin PBXVariantGroup section */
		CEDF1B82292A6599002CD3EB /* Main.storyboard */ = {
			isa = PBXVariantGroup;
			children = (
				CEDF1B83292A6599002CD3EB /* Base */,
			);
			name = Main.storyboard;
			sourceTree = "<group>";
		};
		CEDF1B87292A6599002CD3EB /* LaunchScreen.storyboard */ = {
			isa = PBXVariantGroup;
			children = (
				CEDF1B88292A6599002CD3EB /* Base */,
			);
			name = LaunchScreen.storyboard;
			sourceTree = "<group>";
		};
/* End PBXVariantGroup section */

/* Begin XCBuildConfiguration section */
		CEDF1B8B292A6599002CD3EB /* Debug */ = {
			isa = XCBuildConfiguration;
			buildSettings = {
				ALWAYS_SEARCH_USER_PATHS = NO;
				CLANG_ANALYZER_NONNULL = YES;
				CLANG_ANALYZER_NUMBER_OBJECT_CONVERSION = YES_AGGRESSIVE;
				CLANG_CXX_LANGUAGE_STANDARD = "gnu++20";
				CLANG_ENABLE_MODULES = YES;
				CLANG_ENABLE_OBJC_ARC = YES;
				CLANG_ENABLE_OBJC_WEAK = YES;
				CLANG_WARN_BLOCK_CAPTURE_AUTORELEASING = YES;
				CLANG_WARN_BOOL_CONVERSION = YES;
				CLANG_WARN_COMMA = YES;
				CLANG_WARN_CONSTANT_CONVERSION = YES;
				CLANG_WARN_DEPRECATED_OBJC_IMPLEMENTATIONS = YES;
				CLANG_WARN_DIRECT_OBJC_ISA_USAGE = YES_ERROR;
				CLANG_WARN_DOCUMENTATION_COMMENTS = YES;
				CLANG_WARN_EMPTY_BODY = YES;
				CLANG_WARN_ENUM_CONVERSION = YES;
				CLANG_WARN_INFINITE_RECURSION = YES;
				CLANG_WARN_INT_CONVERSION = YES;
				CLANG_WARN_NON_LITERAL_NULL_CONVERSION = YES;
				CLANG_WARN_OBJC_IMPLICIT_RETAIN_SELF = YES;
				CLANG_WARN_OBJC_LITERAL_CONVERSION = YES;
				CLANG_WARN_OBJC_ROOT_CLASS = YES_ERROR;
				CLANG_WARN_QUOTED_INCLUDE_IN_FRAMEWORK_HEADER = YES;
				CLANG_WARN_RANGE_LOOP_ANALYSIS = YES;
				CLANG_WARN_STRICT_PROTOTYPES = YES;
				CLANG_WARN_SUSPICIOUS_MOVE = YES;
				CLANG_WARN_UNGUARDED_AVAILABILITY = YES_AGGRESSIVE;
				CLANG_WARN_UNREACHABLE_CODE = YES;
				CLANG_WARN__DUPLICATE_METHOD_MATCH = YES;
				COPY_PHASE_STRIP = NO;
				DEBUG_INFORMATION_FORMAT = dwarf;
				ENABLE_STRICT_OBJC_MSGSEND = YES;
				ENABLE_TESTABILITY = YES;
				GCC_C_LANGUAGE_STANDARD = gnu11;
				GCC_DYNAMIC_NO_PIC = NO;
				GCC_NO_COMMON_BLOCKS = YES;
				GCC_OPTIMIZATION_LEVEL = 0;
				GCC_PREPROCESSOR_DEFINITIONS = (
					"DEBUG=1",
					"$(inherited)",
				);
				GCC_WARN_64_TO_32_BIT_CONVERSION = YES;
				GCC_WARN_ABOUT_RETURN_TYPE = YES_ERROR;
				GCC_WARN_UNDECLARED_SELECTOR = YES;
				GCC_WARN_UNINITIALIZED_AUTOS = YES_AGGRESSIVE;
				GCC_WARN_UNUSED_FUNCTION = YES;
				GCC_WARN_UNUSED_VARIABLE = YES;
				IPHONEOS_DEPLOYMENT_TARGET = 15.0;
				MTL_ENABLE_DEBUG_INFO = INCLUDE_SOURCE;
				MTL_FAST_MATH = YES;
				ONLY_ACTIVE_ARCH = YES;
				SDKROOT = iphoneos;
				SWIFT_ACTIVE_COMPILATION_CONDITIONS = DEBUG;
				SWIFT_OPTIMIZATION_LEVEL = "-Onone";
			};
			name = Debug;
		};
		CEDF1B8C292A6599002CD3EB /* Release */ = {
			isa = XCBuildConfiguration;
			buildSettings = {
				ALWAYS_SEARCH_USER_PATHS = NO;
				CLANG_ANALYZER_NONNULL = YES;
				CLANG_ANALYZER_NUMBER_OBJECT_CONVERSION = YES_AGGRESSIVE;
				CLANG_CXX_LANGUAGE_STANDARD = "gnu++20";
				CLANG_ENABLE_MODULES = YES;
				CLANG_ENABLE_OBJC_ARC = YES;
				CLANG_ENABLE_OBJC_WEAK = YES;
				CLANG_WARN_BLOCK_CAPTURE_AUTORELEASING = YES;
				CLANG_WARN_BOOL_CONVERSION = YES;
				CLANG_WARN_COMMA = YES;
				CLANG_WARN_CONSTANT_CONVERSION = YES;
				CLANG_WARN_DEPRECATED_OBJC_IMPLEMENTATIONS = YES;
				CLANG_WARN_DIRECT_OBJC_ISA_USAGE = YES_ERROR;
				CLANG_WARN_DOCUMENTATION_COMMENTS = YES;
				CLANG_WARN_EMPTY_BODY = YES;
				CLANG_WARN_ENUM_CONVERSION = YES;
				CLANG_WARN_INFINITE_RECURSION = YES;
				CLANG_WARN_INT_CONVERSION = YES;
				CLANG_WARN_NON_LITERAL_NULL_CONVERSION = YES;
				CLANG_WARN_OBJC_IMPLICIT_RETAIN_SELF = YES;
				CLANG_WARN_OBJC_LITERAL_CONVERSION = YES;
				CLANG_WARN_OBJC_ROOT_CLASS = YES_ERROR;
				CLANG_WARN_QUOTED_INCLUDE_IN_FRAMEWORK_HEADER = YES;
				CLANG_WARN_RANGE_LOOP_ANALYSIS = YES;
				CLANG_WARN_STRICT_PROTOTYPES = YES;
				CLANG_WARN_SUSPICIOUS_MOVE = YES;
				CLANG_WARN_UNGUARDED_AVAILABILITY = YES_AGGRESSIVE;
				CLANG_WARN_UNREACHABLE_CODE = YES;
				CLANG_WARN__DUPLICATE_METHOD_MATCH = YES;
				COPY_PHASE_STRIP = NO;
				DEBUG_INFORMATION_FORMAT = "dwarf-with-dsym";
				ENABLE_NS_ASSERTIONS = NO;
				ENABLE_STRICT_OBJC_MSGSEND = YES;
				GCC_C_LANGUAGE_STANDARD = gnu11;
				GCC_NO_COMMON_BLOCKS = YES;
				GCC_WARN_64_TO_32_BIT_CONVERSION = YES;
				GCC_WARN_ABOUT_RETURN_TYPE = YES_ERROR;
				GCC_WARN_UNDECLARED_SELECTOR = YES;
				GCC_WARN_UNINITIALIZED_AUTOS = YES_AGGRESSIVE;
				GCC_WARN_UNUSED_FUNCTION = YES;
				GCC_WARN_UNUSED_VARIABLE = YES;
				IPHONEOS_DEPLOYMENT_TARGET = 15.0;
				MTL_ENABLE_DEBUG_INFO = NO;
				MTL_FAST_MATH = YES;
				SDKROOT = iphoneos;
				SWIFT_COMPILATION_MODE = wholemodule;
				SWIFT_OPTIMIZATION_LEVEL = "-O";
				VALIDATE_PRODUCT = YES;
			};
			name = Release;
		};
		CEDF1B8E292A6599002CD3EB /* Debug */ = {
			isa = XCBuildConfiguration;
			buildSettings = {
				ASSETCATALOG_COMPILER_APPICON_NAME = AppIcon;
				ASSETCATALOG_COMPILER_GLOBAL_ACCENT_COLOR_NAME = AccentColor;
				CODE_SIGN_STYLE = Automatic;
				CURRENT_PROJECT_VERSION = 1;
				GENERATE_INFOPLIST_FILE = YES;
				INFOPLIST_FILE = WhiteHousePetitions/Info.plist;
				INFOPLIST_KEY_UIApplicationSupportsIndirectInputEvents = YES;
				INFOPLIST_KEY_UILaunchStoryboardName = LaunchScreen;
				INFOPLIST_KEY_UIMainStoryboardFile = Main;
				INFOPLIST_KEY_UISupportedInterfaceOrientations_iPad = "UIInterfaceOrientationPortrait UIInterfaceOrientationPortraitUpsideDown UIInterfaceOrientationLandscapeLeft UIInterfaceOrientationLandscapeRight";
				INFOPLIST_KEY_UISupportedInterfaceOrientations_iPhone = "UIInterfaceOrientationPortrait UIInterfaceOrientationLandscapeLeft UIInterfaceOrientationLandscapeRight";
				LD_RUNPATH_SEARCH_PATHS = (
					"$(inherited)",
					"@executable_path/Frameworks",
				);
				MARKETING_VERSION = 1.0;
				PRODUCT_BUNDLE_IDENTIFIER = ho.cuong.WhiteHousePetitions;
				PRODUCT_NAME = "$(TARGET_NAME)";
				SWIFT_EMIT_LOC_STRINGS = YES;
				SWIFT_VERSION = 5.0;
				TARGETED_DEVICE_FAMILY = "1,2";
			};
			name = Debug;
		};
		CEDF1B8F292A6599002CD3EB /* Release */ = {
			isa = XCBuildConfiguration;
			buildSettings = {
				ASSETCATALOG_COMPILER_APPICON_NAME = AppIcon;
				ASSETCATALOG_COMPILER_GLOBAL_ACCENT_COLOR_NAME = AccentColor;
				CODE_SIGN_STYLE = Automatic;
				CURRENT_PROJECT_VERSION = 1;
				GENERATE_INFOPLIST_FILE = YES;
				INFOPLIST_FILE = WhiteHousePetitions/Info.plist;
				INFOPLIST_KEY_UIApplicationSupportsIndirectInputEvents = YES;
				INFOPLIST_KEY_UILaunchStoryboardName = LaunchScreen;
				INFOPLIST_KEY_UIMainStoryboardFile = Main;
				INFOPLIST_KEY_UISupportedInterfaceOrientations_iPad = "UIInterfaceOrientationPortrait UIInterfaceOrientationPortraitUpsideDown UIInterfaceOrientationLandscapeLeft UIInterfaceOrientationLandscapeRight";
				INFOPLIST_KEY_UISupportedInterfaceOrientations_iPhone = "UIInterfaceOrientationPortrait UIInterfaceOrientationLandscapeLeft UIInterfaceOrientationLandscapeRight";
				LD_RUNPATH_SEARCH_PATHS = (
					"$(inherited)",
					"@executable_path/Frameworks",
				);
				MARKETING_VERSION = 1.0;
				PRODUCT_BUNDLE_IDENTIFIER = ho.cuong.WhiteHousePetitions;
				PRODUCT_NAME = "$(TARGET_NAME)";
				SWIFT_EMIT_LOC_STRINGS = YES;
				SWIFT_VERSION = 5.0;
				TARGETED_DEVICE_FAMILY = "1,2";
			};
			name = Release;
		};
/* End XCBuildConfiguration section */

/* Begin XCConfigurationList section */
		CEDF1B74292A6598002CD3EB /* Build configuration list for PBXProject "WhiteHousePetitions" */ = {
			isa = XCConfigurationList;
			buildConfigurations = (
				CEDF1B8B292A6599002CD3EB /* Debug */,
				CEDF1B8C292A6599002CD3EB /* Release */,
			);
			defaultConfigurationIsVisible = 0;
			defaultConfigurationName = Release;
		};
		CEDF1B8D292A6599002CD3EB /* Build configuration list for PBXNativeTarget "WhiteHousePetitions" */ = {
			isa = XCConfigurationList;
			buildConfigurations = (
				CEDF1B8E292A6599002CD3EB /* Debug */,
				CEDF1B8F292A6599002CD3EB /* Release */,
			);
			defaultConfigurationIsVisible = 0;
			defaultConfigurationName = Release;
		};
/* End XCConfigurationList section */
	};
	rootObject = CEDF1B71292A6598002CD3EB /* Project object */;
}
